
Microsoft Visual Studio Solution File, Format Version 12.00
# Visual Studio 15
VisualStudioVersion = 15.0.26906.1
MinimumVisualStudioVersion = 10.0.40219.1
Project("{FAE04EC0-301F-11D3-BF4B-00C04F79EFBC}") = "Municipality", "Municipality\Municipality.csproj", "{30223F34-8CB3-484C-AAA2-6B048AA7D362}"
EndProject
Project("{FAE04EC0-301F-11D3-BF4B-00C04F79EFBC}") = "Models", "Models\Models.csproj", "{6CEADD0C-7F85-4DC6-86D1-2F91B8955FB0}"
EndProject
Global
	GlobalSection(SolutionConfigurationPlatforms) = preSolution
		Debug|Any CPU = Debug|Any CPU
		Release|Any CPU = Release|Any CPU
	EndGlobalSection
	GlobalSection(ProjectConfigurationPlatforms) = postSolution
		{30223F34-8CB3-484C-AAA2-6B048AA7D362}.Debug|Any CPU.ActiveCfg = Debug|Any CPU
		{30223F34-8CB3-484C-AAA2-6B048AA7D362}.Debug|Any CPU.Build.0 = Debug|Any CPU
		{30223F34-8CB3-484C-AAA2-6B048AA7D362}.Release|Any CPU.ActiveCfg = Release|Any CPU
		{30223F34-8CB3-484C-AAA2-6B048AA7D362}.Release|Any CPU.Build.0 = Release|Any CPU
		{6CEADD0C-7F85-4DC6-86D1-2F91B8955FB0}.Debug|Any CPU.ActiveCfg = Debug|Any CPU
		{6CEADD0C-7F85-4DC6-86D1-2F91B8955FB0}.Debug|Any CPU.Build.0 = Debug|Any CPU
		{6CEADD0C-7F85-4DC6-86D1-2F91B8955FB0}.Release|Any CPU.ActiveCfg = Release|Any CPU
		{6CEADD0C-7F85-4DC6-86D1-2F91B8955FB0}.Release|Any CPU.Build.0 = Release|Any CPU
	EndGlobalSection
	GlobalSection(SolutionProperties) = preSolution
		HideSolutionNode = FALSE
	EndGlobalSection
	GlobalSection(ExtensibilityGlobals) = postSolution
		SolutionGuid = {0F3895B3-E3D7-49C9-9871-22B0F83F5999}
	EndGlobalSection
EndGlobal
