
Microsoft Visual Studio Solution File, Format Version 12.00
# Visual Studio 15
VisualStudioVersion = 15.0.26906.1
MinimumVisualStudioVersion = 10.0.40219.1
Project("{9A19103F-16F7-4668-BE54-9A1E7A4F7556}") = "Municipality", "Municipality\Municipality.csproj", "{30223F34-8CB3-484C-AAA2-6B048AA7D362}"
EndProject
Project("{9A19103F-16F7-4668-BE54-9A1E7A4F7556}") = "Models", "Models\Models.csproj", "{6CEADD0C-7F85-4DC6-86D1-2F91B8955FB0}"
EndProject
Project("{9A19103F-16F7-4668-BE54-9A1E7A4F7556}") = "Repositories", "Repository\Repositories.csproj", "{E781B0F8-FFF2-482C-A608-190502FA8A25}"
EndProject
Project("{9A19103F-16F7-4668-BE54-9A1E7A4F7556}") = "Repositories.EntityFramework", "Repository.EntityFramework\Repositories.EntityFramework.csproj", "{60F67840-B63C-43E3-A3B3-5F8307BFF804}"
EndProject
Project("{9A19103F-16F7-4668-BE54-9A1E7A4F7556}") = "AzureLogger", "AzureLogger\AzureLogger.csproj", "{BA60D9C0-97A1-4D75-86EB-7720780E3D90}"
EndProject
Global
	GlobalSection(SolutionConfigurationPlatforms) = preSolution
		Debug|Any CPU = Debug|Any CPU
		Release|Any CPU = Release|Any CPU
	EndGlobalSection
	GlobalSection(ProjectConfigurationPlatforms) = postSolution
		{30223F34-8CB3-484C-AAA2-6B048AA7D362}.Debug|Any CPU.ActiveCfg = Debug|Any CPU
		{30223F34-8CB3-484C-AAA2-6B048AA7D362}.Debug|Any CPU.Build.0 = Debug|Any CPU
		{30223F34-8CB3-484C-AAA2-6B048AA7D362}.Release|Any CPU.ActiveCfg = Release|Any CPU
		{30223F34-8CB3-484C-AAA2-6B048AA7D362}.Release|Any CPU.Build.0 = Release|Any CPU
		{6CEADD0C-7F85-4DC6-86D1-2F91B8955FB0}.Debug|Any CPU.ActiveCfg = Debug|Any CPU
		{6CEADD0C-7F85-4DC6-86D1-2F91B8955FB0}.Debug|Any CPU.Build.0 = Debug|Any CPU
		{6CEADD0C-7F85-4DC6-86D1-2F91B8955FB0}.Release|Any CPU.ActiveCfg = Release|Any CPU
		{6CEADD0C-7F85-4DC6-86D1-2F91B8955FB0}.Release|Any CPU.Build.0 = Release|Any CPU
		{E781B0F8-FFF2-482C-A608-190502FA8A25}.Debug|Any CPU.ActiveCfg = Debug|Any CPU
		{E781B0F8-FFF2-482C-A608-190502FA8A25}.Debug|Any CPU.Build.0 = Debug|Any CPU
		{E781B0F8-FFF2-482C-A608-190502FA8A25}.Release|Any CPU.ActiveCfg = Release|Any CPU
		{E781B0F8-FFF2-482C-A608-190502FA8A25}.Release|Any CPU.Build.0 = Release|Any CPU
		{60F67840-B63C-43E3-A3B3-5F8307BFF804}.Debug|Any CPU.ActiveCfg = Debug|Any CPU
		{60F67840-B63C-43E3-A3B3-5F8307BFF804}.Debug|Any CPU.Build.0 = Debug|Any CPU
		{60F67840-B63C-43E3-A3B3-5F8307BFF804}.Release|Any CPU.ActiveCfg = Release|Any CPU
		{60F67840-B63C-43E3-A3B3-5F8307BFF804}.Release|Any CPU.Build.0 = Release|Any CPU
		{BA60D9C0-97A1-4D75-86EB-7720780E3D90}.Debug|Any CPU.ActiveCfg = Debug|Any CPU
		{BA60D9C0-97A1-4D75-86EB-7720780E3D90}.Debug|Any CPU.Build.0 = Debug|Any CPU
		{BA60D9C0-97A1-4D75-86EB-7720780E3D90}.Release|Any CPU.ActiveCfg = Release|Any CPU
		{BA60D9C0-97A1-4D75-86EB-7720780E3D90}.Release|Any CPU.Build.0 = Release|Any CPU
	EndGlobalSection
	GlobalSection(SolutionProperties) = preSolution
		HideSolutionNode = FALSE
	EndGlobalSection
	GlobalSection(ExtensibilityGlobals) = postSolution
		SolutionGuid = {0F3895B3-E3D7-49C9-9871-22B0F83F5999}
	EndGlobalSection
EndGlobal
